{
  "requires": true,
  "lockfileVersion": 1,
  "dependencies": {
    "element-in-view": {
      "version": "0.1.0",
      "resolved": "https://registry.npmjs.org/element-in-view/-/element-in-view-0.1.0.tgz",
      "integrity": "sha1-Zi9B+ajTuMpFh8HdtCe30nr4i8k="
    },
    "js-cookie": {
      "version": "2.2.1",
      "resolved": "https://registry.npmjs.org/js-cookie/-/js-cookie-2.2.1.tgz",
      "integrity": "sha512-HvdH2LzI/EAZcUwA8+0nKNtWHqS+ZmijLA30RwZA0bo7ToCckjK5MkGhjED9KoRcXO6BaGI3I9UIzSA1FKFPOQ=="
    },
    "throttleit": {
      "version": "1.0.0",
      "resolved": "https://registry.npmjs.org/throttleit/-/throttleit-1.0.0.tgz",
      "integrity": "sha1-nnhYNtr0Z0MUWlmEtiaNgoUorGw="
    },
    "vue": {
      "version": "2.6.12",
      "resolved": "https://registry.npmjs.org/vue/-/vue-2.6.12.tgz",
      "integrity": "sha512-uhmLFETqPPNyuLLbsKz6ioJ4q7AZHzD8ZVFNATNyICSZouqP2Sz0rotWQC8UNBF6VGSCs5abnKJoStA6JbCbfg=="
    },
    "vue-infinite-scroll": {
      "version": "2.0.2",
      "resolved": "https://registry.npmjs.org/vue-infinite-scroll/-/vue-infinite-scroll-2.0.2.tgz",
      "integrity": "sha512-n+YghR059YmciANGJh9SsNWRi1YZEBVlODtmnb/12zI+4R72QZSWd+EuZ5mW6auEo/yaJXgxzwsuhvALVnm73A=="
    },
    "vue-mugen-scroll": {
      "version": "0.2.6",
      "resolved": "https://registry.npmjs.org/vue-mugen-scroll/-/vue-mugen-scroll-0.2.6.tgz",
      "integrity": "sha512-6FOBzotc8p/GDQZYkEdenxPydDvABUuxqMese6Zv4fpEZf7CjNSabRtAeBUtg+339Z9iKMdpzussbqFHCRXVqA==",
      "requires": {
        "element-in-view": "^0.1.0",
        "throttleit": "^1.0.0"
      }
    },
    "vue-scroller": {
      "version": "2.2.4",
      "resolved": "https://registry.npmjs.org/vue-scroller/-/vue-scroller-2.2.4.tgz",
      "integrity": "sha1-wopQ8uXs161g5Dzk6484iG/3sc8=",
      "requires": {
        "vue": "^2.2.6"
      }
    }
  }
}
